
Microsoft Visual Studio Solution File, Format Version 12.00
# Visual Studio 2012
Project("{FAE04EC0-301F-11D3-BF4B-00C04F79EFBC}") = "ShazamO", "ShazamO\ShazamO.csproj", "{4C051C6C-F1B0-43A4-AF5F-813790587C4A}"
EndProject
Project("{FAE04EC0-301F-11D3-BF4B-00C04F79EFBC}") = "ShazamO.ParseToJSON", "ShazamO.ParseToJSON\ShazamO.ParseToJSON.csproj", "{A6F1F01C-07F0-4C6E-814F-0D4970C2BD73}"
EndProject
Global
	GlobalSection(SolutionConfigurationPlatforms) = preSolution
		Debug|Any CPU = Debug|Any CPU
		Release|Any CPU = Release|Any CPU
	EndGlobalSection
	GlobalSection(ProjectConfigurationPlatforms) = postSolution
		{4C051C6C-F1B0-43A4-AF5F-813790587C4A}.Debug|Any CPU.ActiveCfg = Debug|Any CPU
		{4C051C6C-F1B0-43A4-AF5F-813790587C4A}.Debug|Any CPU.Build.0 = Debug|Any CPU
		{4C051C6C-F1B0-43A4-AF5F-813790587C4A}.Release|Any CPU.ActiveCfg = Release|Any CPU
		{4C051C6C-F1B0-43A4-AF5F-813790587C4A}.Release|Any CPU.Build.0 = Release|Any CPU
		{A6F1F01C-07F0-4C6E-814F-0D4970C2BD73}.Debug|Any CPU.ActiveCfg = Debug|Any CPU
		{A6F1F01C-07F0-4C6E-814F-0D4970C2BD73}.Debug|Any CPU.Build.0 = Debug|Any CPU
		{A6F1F01C-07F0-4C6E-814F-0D4970C2BD73}.Release|Any CPU.ActiveCfg = Release|Any CPU
		{A6F1F01C-07F0-4C6E-814F-0D4970C2BD73}.Release|Any CPU.Build.0 = Release|Any CPU
	EndGlobalSection
	GlobalSection(SolutionProperties) = preSolution
		HideSolutionNode = FALSE
	EndGlobalSection
	GlobalSection(Performance) = preSolution
		HasPerformanceSessions = true
	EndGlobalSection
EndGlobal
